
Microsoft Visual Studio Solution File, Format Version 12.00
# Visual Studio Version 16
VisualStudioVersion = 16.0.810.10
MinimumVisualStudioVersion = 10.0.40219.1
Project("{FAE04EC0-301F-11D3-BF4B-00C04F79EFBC}") = "BlazorBattles.Server", "BlazorBattles\Server\BlazorBattles.Server.csproj", "{971C04B0-DC89-4C9F-A27A-B5A4362BA997}"
EndProject
Project("{FAE04EC0-301F-11D3-BF4B-00C04F79EFBC}") = "BlazorBattles.Client", "BlazorBattles\Client\BlazorBattles.Client.csproj", "{2647CA6F-C63F-49DD-A262-424F9F0A4B69}"
EndProject
Project("{FAE04EC0-301F-11D3-BF4B-00C04F79EFBC}") = "BlazorBattles.Shared", "BlazorBattles\Shared\BlazorBattles.Shared.csproj", "{4E5B599C-C23D-4A2F-A294-5096DFAEB8AA}"
EndProject
Global
	GlobalSection(SolutionConfigurationPlatforms) = preSolution
		Debug|Any CPU = Debug|Any CPU
		Release|Any CPU = Release|Any CPU
	EndGlobalSection
	GlobalSection(ProjectConfigurationPlatforms) = postSolution
		{971C04B0-DC89-4C9F-A27A-B5A4362BA997}.Debug|Any CPU.ActiveCfg = Debug|Any CPU
		{971C04B0-DC89-4C9F-A27A-B5A4362BA997}.Debug|Any CPU.Build.0 = Debug|Any CPU
		{971C04B0-DC89-4C9F-A27A-B5A4362BA997}.Release|Any CPU.ActiveCfg = Release|Any CPU
		{971C04B0-DC89-4C9F-A27A-B5A4362BA997}.Release|Any CPU.Build.0 = Release|Any CPU
		{2647CA6F-C63F-49DD-A262-424F9F0A4B69}.Debug|Any CPU.ActiveCfg = Debug|Any CPU
		{2647CA6F-C63F-49DD-A262-424F9F0A4B69}.Debug|Any CPU.Build.0 = Debug|Any CPU
		{2647CA6F-C63F-49DD-A262-424F9F0A4B69}.Release|Any CPU.ActiveCfg = Release|Any CPU
		{2647CA6F-C63F-49DD-A262-424F9F0A4B69}.Release|Any CPU.Build.0 = Release|Any CPU
		{4E5B599C-C23D-4A2F-A294-5096DFAEB8AA}.Debug|Any CPU.ActiveCfg = Debug|Any CPU
		{4E5B599C-C23D-4A2F-A294-5096DFAEB8AA}.Debug|Any CPU.Build.0 = Debug|Any CPU
		{4E5B599C-C23D-4A2F-A294-5096DFAEB8AA}.Release|Any CPU.ActiveCfg = Release|Any CPU
		{4E5B599C-C23D-4A2F-A294-5096DFAEB8AA}.Release|Any CPU.Build.0 = Release|Any CPU
	EndGlobalSection
	GlobalSection(SolutionProperties) = preSolution
		HideSolutionNode = FALSE
	EndGlobalSection
	GlobalSection(ExtensibilityGlobals) = postSolution
		SolutionGuid = {F20292B4-7D68-4E45-AA97-F88E6B9D81A0}
	EndGlobalSection
EndGlobal
